
Microsoft Visual Studio Solution File, Format Version 12.00
# Visual Studio Version 16
VisualStudioVersion = 16.0.29709.97
MinimumVisualStudioVersion = 10.0.40219.1
Project("{FAE04EC0-301F-11D3-BF4B-00C04F79EFBC}") = "ThreadingHomework", "ThreadingHomework\ThreadingHomework.csproj", "{57F9A0FB-E9AC-4161-BDF1-7B69A993CF66}"
EndProject
Global
	GlobalSection(SolutionConfigurationPlatforms) = preSolution
		Debug|Any CPU = Debug|Any CPU
		Release|Any CPU = Release|Any CPU
	EndGlobalSection
	GlobalSection(ProjectConfigurationPlatforms) = postSolution
		{57F9A0FB-E9AC-4161-BDF1-7B69A993CF66}.Debug|Any CPU.ActiveCfg = Debug|Any CPU
		{57F9A0FB-E9AC-4161-BDF1-7B69A993CF66}.Debug|Any CPU.Build.0 = Debug|Any CPU
		{57F9A0FB-E9AC-4161-BDF1-7B69A993CF66}.Release|Any CPU.ActiveCfg = Release|Any CPU
		{57F9A0FB-E9AC-4161-BDF1-7B69A993CF66}.Release|Any CPU.Build.0 = Release|Any CPU
	EndGlobalSection
	GlobalSection(SolutionProperties) = preSolution
		HideSolutionNode = FALSE
	EndGlobalSection
	GlobalSection(ExtensibilityGlobals) = postSolution
		SolutionGuid = {59F345EA-D350-4E83-9669-2D638013BE29}
	EndGlobalSection
EndGlobal
